// !$*UTF8*$!
{
	archiveVersion = 1;
	classes = {
	};
	objectVersion = 56;
	objects = {

/* Begin PBXBuildFile section */
		DD092E3E2926D9B900FCE0E1 /* EntryField.swift in Sources */ = {isa = PBXBuildFile; fileRef = DD092E3D2926D9B900FCE0E1 /* EntryField.swift */; };
		DD5933D329263D8B00C79D57 /* SecureApp.swift in Sources */ = {isa = PBXBuildFile; fileRef = DD5933D229263D8B00C79D57 /* SecureApp.swift */; };
		DD5933D729263D8E00C79D57 /* Assets.xcassets in Resources */ = {isa = PBXBuildFile; fileRef = DD5933D629263D8E00C79D57 /* Assets.xcassets */; };
		DD5933DA29263D8E00C79D57 /* Preview Assets.xcassets in Resources */ = {isa = PBXBuildFile; fileRef = DD5933D929263D8E00C79D57 /* Preview Assets.xcassets */; };
		DD5933E229263E0800C79D57 /* PrivacyView.swift in Sources */ = {isa = PBXBuildFile; fileRef = DD5933E129263E0800C79D57 /* PrivacyView.swift */; };
		DD5933E429263EF000C79D57 /* AppLockView.swift in Sources */ = {isa = PBXBuildFile; fileRef = DD5933E329263EF000C79D57 /* AppLockView.swift */; };
		DD5933E72926401D00C79D57 /* String+Extension.swift in Sources */ = {isa = PBXBuildFile; fileRef = DD5933E62926401D00C79D57 /* String+Extension.swift */; };
		DD5933EA2926405A00C79D57 /* SettingsViewModel.swift in Sources */ = {isa = PBXBuildFile; fileRef = DD5933E92926405A00C79D57 /* SettingsViewModel.swift */; };
		DD5933EC2926419200C79D57 /* SettingsView.swift in Sources */ = {isa = PBXBuildFile; fileRef = DD5933EB2926419200C79D57 /* SettingsView.swift */; };
		DD5933EF292642EE00C79D57 /* OnboardingView.swift in Sources */ = {isa = PBXBuildFile; fileRef = DD5933EE292642EE00C79D57 /* OnboardingView.swift */; };
		DD5933F12926432900C79D57 /* OnboardingCell.swift in Sources */ = {isa = PBXBuildFile; fileRef = DD5933F02926432900C79D57 /* OnboardingCell.swift */; };
		DD5933F4292644FA00C79D57 /* AppStateSwitcher.swift in Sources */ = {isa = PBXBuildFile; fileRef = DD5933F3292644FA00C79D57 /* AppStateSwitcher.swift */; };
		DD5933F6292645A100C79D57 /* AppTabView.swift in Sources */ = {isa = PBXBuildFile; fileRef = DD5933F5292645A100C79D57 /* AppTabView.swift */; };
		DD5933F9292646C100C79D57 /* UnlockMethodToggle.swift in Sources */ = {isa = PBXBuildFile; fileRef = DD5933F8292646C100C79D57 /* UnlockMethodToggle.swift */; };
		DD5933FB292646DB00C79D57 /* PrivacyModeToggle.swift in Sources */ = {isa = PBXBuildFile; fileRef = DD5933FA292646DB00C79D57 /* PrivacyModeToggle.swift */; };
		DD5933FD292646F100C79D57 /* EphemeralClipboardToggle.swift in Sources */ = {isa = PBXBuildFile; fileRef = DD5933FC292646F100C79D57 /* EphemeralClipboardToggle.swift */; };
		DD5933FF2926472600C79D57 /* LockTimerPicker.swift in Sources */ = {isa = PBXBuildFile; fileRef = DD5933FE2926472600C79D57 /* LockTimerPicker.swift */; };
		DD593401292648DB00C79D57 /* ThemeColorPicker.swift in Sources */ = {isa = PBXBuildFile; fileRef = DD593400292648DB00C79D57 /* ThemeColorPicker.swift */; };
		DD5934032926574900C79D57 /* PopupView.swift in Sources */ = {isa = PBXBuildFile; fileRef = DD5934022926574900C79D57 /* PopupView.swift */; };
		DD59340629265E5A00C79D57 /* NotesView.swift in Sources */ = {isa = PBXBuildFile; fileRef = DD59340529265E5A00C79D57 /* NotesView.swift */; };
		DD59340A29268E0C00C79D57 /* SwiftKeychainWrapper in Frameworks */ = {isa = PBXBuildFile; productRef = DD59340929268E0C00C79D57 /* SwiftKeychainWrapper */; };
		DD59340F29268E7200C79D57 /* UIApplication+Extension.swift in Sources */ = {isa = PBXBuildFile; fileRef = DD59340E29268E7200C79D57 /* UIApplication+Extension.swift */; };
		DD59341129268E9200C79D57 /* KeychainService.swift in Sources */ = {isa = PBXBuildFile; fileRef = DD59341029268E9200C79D57 /* KeychainService.swift */; };
		DD59341629268ED400C79D57 /* Credentials.swift in Sources */ = {isa = PBXBuildFile; fileRef = DD59341529268ED400C79D57 /* Credentials.swift */; };
		DD59341929268F4F00C79D57 /* LoginView.swift in Sources */ = {isa = PBXBuildFile; fileRef = DD59341829268F4F00C79D57 /* LoginView.swift */; };
		DD59341B29268F5A00C79D57 /* LoginViewModel.swift in Sources */ = {isa = PBXBuildFile; fileRef = DD59341A29268F5A00C79D57 /* LoginViewModel.swift */; };
		DD59341D29268FFB00C79D57 /* UserAppState.swift in Sources */ = {isa = PBXBuildFile; fileRef = DD59341C29268FFB00C79D57 /* UserAppState.swift */; };
		DDEF8D8D2927985100642E59 /* LoadingView.swift in Sources */ = {isa = PBXBuildFile; fileRef = DDEF8D8C2927985100642E59 /* LoadingView.swift */; };
		DDEF8D902927B1BB00642E59 /* RoundedRectangleButtonStyle.swift in Sources */ = {isa = PBXBuildFile; fileRef = DDEF8D8F2927B1BB00642E59 /* RoundedRectangleButtonStyle.swift */; };
		DDEF8D922927D9B500642E59 /* ColorSchemeToggle.swift in Sources */ = {isa = PBXBuildFile; fileRef = DDEF8D912927D9B500642E59 /* ColorSchemeToggle.swift */; };
		EA5FD3AE292973810017849E /* Animations.swift in Sources */ = {isa = PBXBuildFile; fileRef = EA5FD3AD292973810017849E /* Animations.swift */; };
		EA5FD3B22929A20E0017849E /* AuthService.swift in Sources */ = {isa = PBXBuildFile; fileRef = EA5FD3B12929A20E0017849E /* AuthService.swift */; };
/* End PBXBuildFile section */

/* Begin PBXFileReference section */
		DD092E3D2926D9B900FCE0E1 /* EntryField.swift */ = {isa = PBXFileReference; lastKnownFileType = sourcecode.swift; path = EntryField.swift; sourceTree = "<group>"; };
		DD5933CF29263D8B00C79D57 /* SecureApp.app */ = {isa = PBXFileReference; explicitFileType = wrapper.application; includeInIndex = 0; path = SecureApp.app; sourceTree = BUILT_PRODUCTS_DIR; };
		DD5933D229263D8B00C79D57 /* SecureApp.swift */ = {isa = PBXFileReference; lastKnownFileType = sourcecode.swift; path = SecureApp.swift; sourceTree = "<group>"; };
		DD5933D629263D8E00C79D57 /* Assets.xcassets */ = {isa = PBXFileReference; lastKnownFileType = folder.assetcatalog; path = Assets.xcassets; sourceTree = "<group>"; };
		DD5933D929263D8E00C79D57 /* Preview Assets.xcassets */ = {isa = PBXFileReference; lastKnownFileType = folder.assetcatalog; path = "Preview Assets.xcassets"; sourceTree = "<group>"; };
		DD5933E129263E0800C79D57 /* PrivacyView.swift */ = {isa = PBXFileReference; lastKnownFileType = sourcecode.swift; path = PrivacyView.swift; sourceTree = "<group>"; };
		DD5933E329263EF000C79D57 /* AppLockView.swift */ = {isa = PBXFileReference; lastKnownFileType = sourcecode.swift; path = AppLockView.swift; sourceTree = "<group>"; };
		DD5933E62926401D00C79D57 /* String+Extension.swift */ = {isa = PBXFileReference; lastKnownFileType = sourcecode.swift; path = "String+Extension.swift"; sourceTree = "<group>"; };
		DD5933E92926405A00C79D57 /* SettingsViewModel.swift */ = {isa = PBXFileReference; lastKnownFileType = sourcecode.swift; path = SettingsViewModel.swift; sourceTree = "<group>"; };
		DD5933EB2926419200C79D57 /* SettingsView.swift */ = {isa = PBXFileReference; lastKnownFileType = sourcecode.swift; path = SettingsView.swift; sourceTree = "<group>"; };
		DD5933EE292642EE00C79D57 /* OnboardingView.swift */ = {isa = PBXFileReference; lastKnownFileType = sourcecode.swift; path = OnboardingView.swift; sourceTree = "<group>"; };
		DD5933F02926432900C79D57 /* OnboardingCell.swift */ = {isa = PBXFileReference; lastKnownFileType = sourcecode.swift; path = OnboardingCell.swift; sourceTree = "<group>"; };
		DD5933F3292644FA00C79D57 /* AppStateSwitcher.swift */ = {isa = PBXFileReference; lastKnownFileType = sourcecode.swift; path = AppStateSwitcher.swift; sourceTree = "<group>"; };
		DD5933F5292645A100C79D57 /* AppTabView.swift */ = {isa = PBXFileReference; lastKnownFileType = sourcecode.swift; path = AppTabView.swift; sourceTree = "<group>"; };
		DD5933F8292646C100C79D57 /* UnlockMethodToggle.swift */ = {isa = PBXFileReference; lastKnownFileType = sourcecode.swift; path = UnlockMethodToggle.swift; sourceTree = "<group>"; };
		DD5933FA292646DB00C79D57 /* PrivacyModeToggle.swift */ = {isa = PBXFileReference; lastKnownFileType = sourcecode.swift; path = PrivacyModeToggle.swift; sourceTree = "<group>"; };
		DD5933FC292646F100C79D57 /* EphemeralClipboardToggle.swift */ = {isa = PBXFileReference; lastKnownFileType = sourcecode.swift; path = EphemeralClipboardToggle.swift; sourceTree = "<group>"; };
		DD5933FE2926472600C79D57 /* LockTimerPicker.swift */ = {isa = PBXFileReference; lastKnownFileType = sourcecode.swift; path = LockTimerPicker.swift; sourceTree = "<group>"; };
		DD593400292648DB00C79D57 /* ThemeColorPicker.swift */ = {isa = PBXFileReference; lastKnownFileType = sourcecode.swift; path = ThemeColorPicker.swift; sourceTree = "<group>"; };
		DD5934022926574900C79D57 /* PopupView.swift */ = {isa = PBXFileReference; lastKnownFileType = sourcecode.swift; path = PopupView.swift; sourceTree = "<group>"; };
		DD59340529265E5A00C79D57 /* NotesView.swift */ = {isa = PBXFileReference; lastKnownFileType = sourcecode.swift; path = NotesView.swift; sourceTree = "<group>"; };
		DD59340E29268E7200C79D57 /* UIApplication+Extension.swift */ = {isa = PBXFileReference; lastKnownFileType = sourcecode.swift; path = "UIApplication+Extension.swift"; sourceTree = "<group>"; };
		DD59341029268E9200C79D57 /* KeychainService.swift */ = {isa = PBXFileReference; lastKnownFileType = sourcecode.swift; path = KeychainService.swift; sourceTree = "<group>"; };
		DD59341529268ED400C79D57 /* Credentials.swift */ = {isa = PBXFileReference; lastKnownFileType = sourcecode.swift; path = Credentials.swift; sourceTree = "<group>"; };
		DD59341829268F4F00C79D57 /* LoginView.swift */ = {isa = PBXFileReference; lastKnownFileType = sourcecode.swift; path = LoginView.swift; sourceTree = "<group>"; };
		DD59341A29268F5A00C79D57 /* LoginViewModel.swift */ = {isa = PBXFileReference; lastKnownFileType = sourcecode.swift; path = LoginViewModel.swift; sourceTree = "<group>"; };
		DD59341C29268FFB00C79D57 /* UserAppState.swift */ = {isa = PBXFileReference; lastKnownFileType = sourcecode.swift; path = UserAppState.swift; sourceTree = "<group>"; };
		DDEF8D8C2927985100642E59 /* LoadingView.swift */ = {isa = PBXFileReference; lastKnownFileType = sourcecode.swift; path = LoadingView.swift; sourceTree = "<group>"; };
		DDEF8D8F2927B1BB00642E59 /* RoundedRectangleButtonStyle.swift */ = {isa = PBXFileReference; lastKnownFileType = sourcecode.swift; path = RoundedRectangleButtonStyle.swift; sourceTree = "<group>"; };
		DDEF8D912927D9B500642E59 /* ColorSchemeToggle.swift */ = {isa = PBXFileReference; lastKnownFileType = sourcecode.swift; path = ColorSchemeToggle.swift; sourceTree = "<group>"; };
		EA5FD3AD292973810017849E /* Animations.swift */ = {isa = PBXFileReference; lastKnownFileType = sourcecode.swift; path = Animations.swift; sourceTree = "<group>"; };
		EA5FD3B12929A20E0017849E /* AuthService.swift */ = {isa = PBXFileReference; lastKnownFileType = sourcecode.swift; path = AuthService.swift; sourceTree = "<group>"; };
/* End PBXFileReference section */

/* Begin PBXFrameworksBuildPhase section */
		DD5933CC29263D8B00C79D57 /* Frameworks */ = {
			isa = PBXFrameworksBuildPhase;
			buildActionMask = 2147483647;
			files = (
				DD59340A29268E0C00C79D57 /* SwiftKeychainWrapper in Frameworks */,
			);
			runOnlyForDeploymentPostprocessing = 0;
		};
/* End PBXFrameworksBuildPhase section */

/* Begin PBXGroup section */
		DD092E3C2926D99400FCE0E1 /* Components */ = {
			isa = PBXGroup;
			children = (
				DD092E3F2926D9DA00FCE0E1 /* Views */,
			);
			path = Components;
			sourceTree = "<group>";
		};
		DD092E3F2926D9DA00FCE0E1 /* Views */ = {
			isa = PBXGroup;
			children = (
				DD5933E329263EF000C79D57 /* AppLockView.swift */,
				DD5933E129263E0800C79D57 /* PrivacyView.swift */,
				DDEF8D8C2927985100642E59 /* LoadingView.swift */,
				DD092E3D2926D9B900FCE0E1 /* EntryField.swift */,
				DD5934022926574900C79D57 /* PopupView.swift */,
			);
			path = Views;
			sourceTree = "<group>";
		};
		DD5933C629263D8B00C79D57 = {
			isa = PBXGroup;
			children = (
				DD5933D129263D8B00C79D57 /* SecureApp */,
				DD5933D029263D8B00C79D57 /* Products */,
			);
			sourceTree = "<group>";
		};
		DD5933D029263D8B00C79D57 /* Products */ = {
			isa = PBXGroup;
			children = (
				DD5933CF29263D8B00C79D57 /* SecureApp.app */,
			);
			name = Products;
			sourceTree = "<group>";
		};
		DD5933D129263D8B00C79D57 /* SecureApp */ = {
			isa = PBXGroup;
			children = (
				DD5933D229263D8B00C79D57 /* SecureApp.swift */,
				DD59341C29268FFB00C79D57 /* UserAppState.swift */,
				DD59340B29268E3200C79D57 /* Services */,
				DD5933E029263DE500C79D57 /* Views */,
				DD59341429268EC800C79D57 /* Models */,
				DD5933E529263FFC00C79D57 /* Extensions */,
				DD5933D629263D8E00C79D57 /* Assets.xcassets */,
				DD5933D829263D8E00C79D57 /* Preview Content */,
			);
			path = SecureApp;
			sourceTree = "<group>";
		};
		DD5933D829263D8E00C79D57 /* Preview Content */ = {
			isa = PBXGroup;
			children = (
				DD5933D929263D8E00C79D57 /* Preview Assets.xcassets */,
			);
			path = "Preview Content";
			sourceTree = "<group>";
		};
		DD5933E029263DE500C79D57 /* Views */ = {
			isa = PBXGroup;
			children = (
				DD5933F22926449C00C79D57 /* Navigation */,
				DD5933ED292642D200C79D57 /* Onboarding */,
				DD59341729268F3800C79D57 /* Login */,
				DD5933E82926404100C79D57 /* Settings */,
				DD092E3C2926D99400FCE0E1 /* Components */,
				DDEF8D8E2927B19D00642E59 /* Styles */,
			);
			path = Views;
			sourceTree = "<group>";
		};
		DD5933E529263FFC00C79D57 /* Extensions */ = {
			isa = PBXGroup;
			children = (
				DD5933E62926401D00C79D57 /* String+Extension.swift */,
				DD59340E29268E7200C79D57 /* UIApplication+Extension.swift */,
			);
			path = Extensions;
			sourceTree = "<group>";
		};
		DD5933E82926404100C79D57 /* Settings */ = {
			isa = PBXGroup;
			children = (
				DD5933EB2926419200C79D57 /* SettingsView.swift */,
				DD5933E92926405A00C79D57 /* SettingsViewModel.swift */,
				DD5933F7292646AC00C79D57 /* SubViews */,
			);
			path = Settings;
			sourceTree = "<group>";
		};
		DD5933ED292642D200C79D57 /* Onboarding */ = {
			isa = PBXGroup;
			children = (
				DD5933EE292642EE00C79D57 /* OnboardingView.swift */,
				DD5933F02926432900C79D57 /* OnboardingCell.swift */,
			);
			path = Onboarding;
			sourceTree = "<group>";
		};
		DD5933F22926449C00C79D57 /* Navigation */ = {
			isa = PBXGroup;
			children = (
				DD5933F3292644FA00C79D57 /* AppStateSwitcher.swift */,
				DD5933F5292645A100C79D57 /* AppTabView.swift */,
			);
			path = Navigation;
			sourceTree = "<group>";
		};
		DD5933F7292646AC00C79D57 /* SubViews */ = {
			isa = PBXGroup;
			children = (
				DD5933F8292646C100C79D57 /* UnlockMethodToggle.swift */,
				DD5933FE2926472600C79D57 /* LockTimerPicker.swift */,
				DD5933FA292646DB00C79D57 /* PrivacyModeToggle.swift */,
				DD5933FC292646F100C79D57 /* EphemeralClipboardToggle.swift */,
				DDEF8D912927D9B500642E59 /* ColorSchemeToggle.swift */,
				DD593400292648DB00C79D57 /* ThemeColorPicker.swift */,
			);
			path = SubViews;
			sourceTree = "<group>";
		};
		DD59340429265E4300C79D57 /* Notes */ = {
			isa = PBXGroup;
			children = (
				DD59340529265E5A00C79D57 /* NotesView.swift */,
			);
			path = Notes;
			sourceTree = "<group>";
		};
		DD59340B29268E3200C79D57 /* Services */ = {
			isa = PBXGroup;
			children = (
				DD59341029268E9200C79D57 /* KeychainService.swift */,
				EA5FD3B12929A20E0017849E /* AuthService.swift */,
			);
			path = Services;
			sourceTree = "<group>";
		};
		DD59341429268EC800C79D57 /* Models */ = {
			isa = PBXGroup;
			children = (
				DD59341529268ED400C79D57 /* Credentials.swift */,
			);
			path = Models;
			sourceTree = "<group>";
		};
		DD59341729268F3800C79D57 /* Login */ = {
			isa = PBXGroup;
			children = (
				DD59341829268F4F00C79D57 /* LoginView.swift */,
				DD59341A29268F5A00C79D57 /* LoginViewModel.swift */,
				DD59340429265E4300C79D57 /* Notes */,
			);
			path = Login;
			sourceTree = "<group>";
		};
		DDEF8D8E2927B19D00642E59 /* Styles */ = {
			isa = PBXGroup;
			children = (
				DDEF8D8F2927B1BB00642E59 /* RoundedRectangleButtonStyle.swift */,
				EA5FD3AD292973810017849E /* Animations.swift */,
			);
			path = Styles;
			sourceTree = "<group>";
		};
/* End PBXGroup section */

/* Begin PBXNativeTarget section */
		DD5933CE29263D8B00C79D57 /* SecureApp */ = {
			isa = PBXNativeTarget;
			buildConfigurationList = DD5933DD29263D8E00C79D57 /* Build configuration list for PBXNativeTarget "SecureApp" */;
			buildPhases = (
				DD5933CB29263D8B00C79D57 /* Sources */,
				DD5933CC29263D8B00C79D57 /* Frameworks */,
				DD5933CD29263D8B00C79D57 /* Resources */,
			);
			buildRules = (
			);
			dependencies = (
			);
			name = SecureApp;
			packageProductDependencies = (
				DD59340929268E0C00C79D57 /* SwiftKeychainWrapper */,
			);
			productName = SecureApp;
			productReference = DD5933CF29263D8B00C79D57 /* SecureApp.app */;
			productType = "com.apple.product-type.application";
		};
/* End PBXNativeTarget section */

/* Begin PBXProject section */
		DD5933C729263D8B00C79D57 /* Project object */ = {
			isa = PBXProject;
			attributes = {
				BuildIndependentTargetsInParallel = 1;
				LastSwiftUpdateCheck = 1410;
				LastUpgradeCheck = 1410;
				TargetAttributes = {
					DD5933CE29263D8B00C79D57 = {
						CreatedOnToolsVersion = 14.1;
					};
				};
			};
			buildConfigurationList = DD5933CA29263D8B00C79D57 /* Build configuration list for PBXProject "SecureApp" */;
			compatibilityVersion = "Xcode 14.0";
			developmentRegion = en;
			hasScannedForEncodings = 0;
			knownRegions = (
				en,
				Base,
			);
			mainGroup = DD5933C629263D8B00C79D57;
			packageReferences = (
				DD59340829268E0C00C79D57 /* XCRemoteSwiftPackageReference "SwiftKeychainWrapper" */,
			);
			productRefGroup = DD5933D029263D8B00C79D57 /* Products */;
			projectDirPath = "";
			projectRoot = "";
			targets = (
				DD5933CE29263D8B00C79D57 /* SecureApp */,
			);
		};
/* End PBXProject section */

/* Begin PBXResourcesBuildPhase section */
		DD5933CD29263D8B00C79D57 /* Resources */ = {
			isa = PBXResourcesBuildPhase;
			buildActionMask = 2147483647;
			files = (
				DD5933DA29263D8E00C79D57 /* Preview Assets.xcassets in Resources */,
				DD5933D729263D8E00C79D57 /* Assets.xcassets in Resources */,
			);
			runOnlyForDeploymentPostprocessing = 0;
		};
/* End PBXResourcesBuildPhase section */

/* Begin PBXSourcesBuildPhase section */
		DD5933CB29263D8B00C79D57 /* Sources */ = {
			isa = PBXSourcesBuildPhase;
			buildActionMask = 2147483647;
			files = (
				DD59341B29268F5A00C79D57 /* LoginViewModel.swift in Sources */,
				EA5FD3B22929A20E0017849E /* AuthService.swift in Sources */,
				DD092E3E2926D9B900FCE0E1 /* EntryField.swift in Sources */,
				DD5933F6292645A100C79D57 /* AppTabView.swift in Sources */,
				DD5933EC2926419200C79D57 /* SettingsView.swift in Sources */,
				DD593401292648DB00C79D57 /* ThemeColorPicker.swift in Sources */,
				DD59341629268ED400C79D57 /* Credentials.swift in Sources */,
				DDEF8D902927B1BB00642E59 /* RoundedRectangleButtonStyle.swift in Sources */,
				DD5933F9292646C100C79D57 /* UnlockMethodToggle.swift in Sources */,
				DD5933D329263D8B00C79D57 /* SecureApp.swift in Sources */,
				DD5933E72926401D00C79D57 /* String+Extension.swift in Sources */,
				DD5933E429263EF000C79D57 /* AppLockView.swift in Sources */,
				DD59341929268F4F00C79D57 /* LoginView.swift in Sources */,
				DDEF8D8D2927985100642E59 /* LoadingView.swift in Sources */,
				DD5933F12926432900C79D57 /* OnboardingCell.swift in Sources */,
				DD5933FB292646DB00C79D57 /* PrivacyModeToggle.swift in Sources */,
				EA5FD3AE292973810017849E /* Animations.swift in Sources */,
				DDEF8D922927D9B500642E59 /* ColorSchemeToggle.swift in Sources */,
				DD5934032926574900C79D57 /* PopupView.swift in Sources */,
				DD5933EF292642EE00C79D57 /* OnboardingView.swift in Sources */,
				DD59340629265E5A00C79D57 /* NotesView.swift in Sources */,
				DD5933FD292646F100C79D57 /* EphemeralClipboardToggle.swift in Sources */,
				DD59340F29268E7200C79D57 /* UIApplication+Extension.swift in Sources */,
				DD5933E229263E0800C79D57 /* PrivacyView.swift in Sources */,
				DD5933F4292644FA00C79D57 /* AppStateSwitcher.swift in Sources */,
				DD5933FF2926472600C79D57 /* LockTimerPicker.swift in Sources */,
				DD59341129268E9200C79D57 /* KeychainService.swift in Sources */,
				DD5933EA2926405A00C79D57 /* SettingsViewModel.swift in Sources */,
				DD59341D29268FFB00C79D57 /* UserAppState.swift in Sources */,
			);
			runOnlyForDeploymentPostprocessing = 0;
		};
/* End PBXSourcesBuildPhase section */

/* Begin XCBuildConfiguration section */
		DD5933DB29263D8E00C79D57 /* Debug */ = {
			isa = XCBuildConfiguration;
			buildSettings = {
				ALWAYS_SEARCH_USER_PATHS = NO;
				CLANG_ANALYZER_NONNULL = YES;
				CLANG_ANALYZER_NUMBER_OBJECT_CONVERSION = YES_AGGRESSIVE;
				CLANG_CXX_LANGUAGE_STANDARD = "gnu++20";
				CLANG_ENABLE_MODULES = YES;
				CLANG_ENABLE_OBJC_ARC = YES;
				CLANG_ENABLE_OBJC_WEAK = YES;
				CLANG_WARN_BLOCK_CAPTURE_AUTORELEASING = YES;
				CLANG_WARN_BOOL_CONVERSION = YES;
				CLANG_WARN_COMMA = YES;
				CLANG_WARN_CONSTANT_CONVERSION = YES;
				CLANG_WARN_DEPRECATED_OBJC_IMPLEMENTATIONS = YES;
				CLANG_WARN_DIRECT_OBJC_ISA_USAGE = YES_ERROR;
				CLANG_WARN_DOCUMENTATION_COMMENTS = YES;
				CLANG_WARN_EMPTY_BODY = YES;
				CLANG_WARN_ENUM_CONVERSION = YES;
				CLANG_WARN_INFINITE_RECURSION = YES;
				CLANG_WARN_INT_CONVERSION = YES;
				CLANG_WARN_NON_LITERAL_NULL_CONVERSION = YES;
				CLANG_WARN_OBJC_IMPLICIT_RETAIN_SELF = YES;
				CLANG_WARN_OBJC_LITERAL_CONVERSION = YES;
				CLANG_WARN_OBJC_ROOT_CLASS = YES_ERROR;
				CLANG_WARN_QUOTED_INCLUDE_IN_FRAMEWORK_HEADER = YES;
				CLANG_WARN_RANGE_LOOP_ANALYSIS = YES;
				CLANG_WARN_STRICT_PROTOTYPES = YES;
				CLANG_WARN_SUSPICIOUS_MOVE = YES;
				CLANG_WARN_UNGUARDED_AVAILABILITY = YES_AGGRESSIVE;
				CLANG_WARN_UNREACHABLE_CODE = YES;
				CLANG_WARN__DUPLICATE_METHOD_MATCH = YES;
				COPY_PHASE_STRIP = NO;
				DEBUG_INFORMATION_FORMAT = dwarf;
				ENABLE_STRICT_OBJC_MSGSEND = YES;
				ENABLE_TESTABILITY = YES;
				GCC_C_LANGUAGE_STANDARD = gnu11;
				GCC_DYNAMIC_NO_PIC = NO;
				GCC_NO_COMMON_BLOCKS = YES;
				GCC_OPTIMIZATION_LEVEL = 0;
				GCC_PREPROCESSOR_DEFINITIONS = (
					"DEBUG=1",
					"$(inherited)",
				);
				GCC_WARN_64_TO_32_BIT_CONVERSION = YES;
				GCC_WARN_ABOUT_RETURN_TYPE = YES_ERROR;
				GCC_WARN_UNDECLARED_SELECTOR = YES;
				GCC_WARN_UNINITIALIZED_AUTOS = YES_AGGRESSIVE;
				GCC_WARN_UNUSED_FUNCTION = YES;
				GCC_WARN_UNUSED_VARIABLE = YES;
				IPHONEOS_DEPLOYMENT_TARGET = 14.0;
				MTL_ENABLE_DEBUG_INFO = INCLUDE_SOURCE;
				MTL_FAST_MATH = YES;
				ONLY_ACTIVE_ARCH = YES;
				SDKROOT = iphoneos;
				SWIFT_ACTIVE_COMPILATION_CONDITIONS = DEBUG;
				SWIFT_OPTIMIZATION_LEVEL = "-Onone";
			};
			name = Debug;
		};
		DD5933DC29263D8E00C79D57 /* Release */ = {
			isa = XCBuildConfiguration;
			buildSettings = {
				ALWAYS_SEARCH_USER_PATHS = NO;
				CLANG_ANALYZER_NONNULL = YES;
				CLANG_ANALYZER_NUMBER_OBJECT_CONVERSION = YES_AGGRESSIVE;
				CLANG_CXX_LANGUAGE_STANDARD = "gnu++20";
				CLANG_ENABLE_MODULES = YES;
				CLANG_ENABLE_OBJC_ARC = YES;
				CLANG_ENABLE_OBJC_WEAK = YES;
				CLANG_WARN_BLOCK_CAPTURE_AUTORELEASING = YES;
				CLANG_WARN_BOOL_CONVERSION = YES;
				CLANG_WARN_COMMA = YES;
				CLANG_WARN_CONSTANT_CONVERSION = YES;
				CLANG_WARN_DEPRECATED_OBJC_IMPLEMENTATIONS = YES;
				CLANG_WARN_DIRECT_OBJC_ISA_USAGE = YES_ERROR;
				CLANG_WARN_DOCUMENTATION_COMMENTS = YES;
				CLANG_WARN_EMPTY_BODY = YES;
				CLANG_WARN_ENUM_CONVERSION = YES;
				CLANG_WARN_INFINITE_RECURSION = YES;
				CLANG_WARN_INT_CONVERSION = YES;
				CLANG_WARN_NON_LITERAL_NULL_CONVERSION = YES;
				CLANG_WARN_OBJC_IMPLICIT_RETAIN_SELF = YES;
				CLANG_WARN_OBJC_LITERAL_CONVERSION = YES;
				CLANG_WARN_OBJC_ROOT_CLASS = YES_ERROR;
				CLANG_WARN_QUOTED_INCLUDE_IN_FRAMEWORK_HEADER = YES;
				CLANG_WARN_RANGE_LOOP_ANALYSIS = YES;
				CLANG_WARN_STRICT_PROTOTYPES = YES;
				CLANG_WARN_SUSPICIOUS_MOVE = YES;
				CLANG_WARN_UNGUARDED_AVAILABILITY = YES_AGGRESSIVE;
				CLANG_WARN_UNREACHABLE_CODE = YES;
				CLANG_WARN__DUPLICATE_METHOD_MATCH = YES;
				COPY_PHASE_STRIP = NO;
				DEBUG_INFORMATION_FORMAT = "dwarf-with-dsym";
				ENABLE_NS_ASSERTIONS = NO;
				ENABLE_STRICT_OBJC_MSGSEND = YES;
				GCC_C_LANGUAGE_STANDARD = gnu11;
				GCC_NO_COMMON_BLOCKS = YES;
				GCC_WARN_64_TO_32_BIT_CONVERSION = YES;
				GCC_WARN_ABOUT_RETURN_TYPE = YES_ERROR;
				GCC_WARN_UNDECLARED_SELECTOR = YES;
				GCC_WARN_UNINITIALIZED_AUTOS = YES_AGGRESSIVE;
				GCC_WARN_UNUSED_FUNCTION = YES;
				GCC_WARN_UNUSED_VARIABLE = YES;
				IPHONEOS_DEPLOYMENT_TARGET = 14.0;
				MTL_ENABLE_DEBUG_INFO = NO;
				MTL_FAST_MATH = YES;
				SDKROOT = iphoneos;
				SWIFT_COMPILATION_MODE = wholemodule;
				SWIFT_OPTIMIZATION_LEVEL = "-O";
				VALIDATE_PRODUCT = YES;
			};
			name = Release;
		};
		DD5933DE29263D8E00C79D57 /* Debug */ = {
			isa = XCBuildConfiguration;
			buildSettings = {
				ASSETCATALOG_COMPILER_APPICON_NAME = AppIcon;
				ASSETCATALOG_COMPILER_GLOBAL_ACCENT_COLOR_NAME = AccentColor;
				CODE_SIGN_STYLE = Automatic;
				CURRENT_PROJECT_VERSION = 1;
				DEVELOPMENT_ASSET_PATHS = "\"SecureApp/Preview Content\"";
				DEVELOPMENT_TEAM = 3MF3PWAV8V;
				ENABLE_PREVIEWS = YES;
				GENERATE_INFOPLIST_FILE = YES;
				INFOPLIST_FILE = "";
				INFOPLIST_KEY_NSFaceIDUsageDescription = "Required for logging in to the app.";
				INFOPLIST_KEY_UIApplicationSceneManifest_Generation = YES;
				INFOPLIST_KEY_UIApplicationSupportsIndirectInputEvents = YES;
				INFOPLIST_KEY_UILaunchScreen_Generation = YES;
				INFOPLIST_KEY_UISupportedInterfaceOrientations_iPad = "UIInterfaceOrientationPortrait UIInterfaceOrientationPortraitUpsideDown UIInterfaceOrientationLandscapeLeft UIInterfaceOrientationLandscapeRight";
				INFOPLIST_KEY_UISupportedInterfaceOrientations_iPhone = "UIInterfaceOrientationPortrait UIInterfaceOrientationLandscapeLeft UIInterfaceOrientationLandscapeRight";
				IPHONEOS_DEPLOYMENT_TARGET = 14.0;
				LD_RUNPATH_SEARCH_PATHS = (
					"$(inherited)",
					"@executable_path/Frameworks",
				);
				MARKETING_VERSION = 1.0;
				PRODUCT_BUNDLE_IDENTIFIER = com.teamgarfield.SecureApp;
				PRODUCT_NAME = "$(TARGET_NAME)";
				SWIFT_EMIT_LOC_STRINGS = YES;
				SWIFT_VERSION = 5.0;
				TARGETED_DEVICE_FAMILY = "1,2";
			};
			name = Debug;
		};
		DD5933DF29263D8E00C79D57 /* Release */ = {
			isa = XCBuildConfiguration;
			buildSettings = {
				ASSETCATALOG_COMPILER_APPICON_NAME = AppIcon;
				ASSETCATALOG_COMPILER_GLOBAL_ACCENT_COLOR_NAME = AccentColor;
				CODE_SIGN_STYLE = Automatic;
				CURRENT_PROJECT_VERSION = 1;
				DEVELOPMENT_ASSET_PATHS = "\"SecureApp/Preview Content\"";
				DEVELOPMENT_TEAM = 3MF3PWAV8V;
				ENABLE_PREVIEWS = YES;
				GENERATE_INFOPLIST_FILE = YES;
				INFOPLIST_FILE = "";
				INFOPLIST_KEY_NSFaceIDUsageDescription = "Required for logging in to the app.";
				INFOPLIST_KEY_UIApplicationSceneManifest_Generation = YES;
				INFOPLIST_KEY_UIApplicationSupportsIndirectInputEvents = YES;
				INFOPLIST_KEY_UILaunchScreen_Generation = YES;
				INFOPLIST_KEY_UISupportedInterfaceOrientations_iPad = "UIInterfaceOrientationPortrait UIInterfaceOrientationPortraitUpsideDown UIInterfaceOrientationLandscapeLeft UIInterfaceOrientationLandscapeRight";
				INFOPLIST_KEY_UISupportedInterfaceOrientations_iPhone = "UIInterfaceOrientationPortrait UIInterfaceOrientationLandscapeLeft UIInterfaceOrientationLandscapeRight";
				IPHONEOS_DEPLOYMENT_TARGET = 14.0;
				LD_RUNPATH_SEARCH_PATHS = (
					"$(inherited)",
					"@executable_path/Frameworks",
				);
				MARKETING_VERSION = 1.0;
				PRODUCT_BUNDLE_IDENTIFIER = com.teamgarfield.SecureApp;
				PRODUCT_NAME = "$(TARGET_NAME)";
				SWIFT_EMIT_LOC_STRINGS = YES;
				SWIFT_VERSION = 5.0;
				TARGETED_DEVICE_FAMILY = "1,2";
			};
			name = Release;
		};
/* End XCBuildConfiguration section */

/* Begin XCConfigurationList section */
		DD5933CA29263D8B00C79D57 /* Build configuration list for PBXProject "SecureApp" */ = {
			isa = XCConfigurationList;
			buildConfigurations = (
				DD5933DB29263D8E00C79D57 /* Debug */,
				DD5933DC29263D8E00C79D57 /* Release */,
			);
			defaultConfigurationIsVisible = 0;
			defaultConfigurationName = Release;
		};
		DD5933DD29263D8E00C79D57 /* Build configuration list for PBXNativeTarget "SecureApp" */ = {
			isa = XCConfigurationList;
			buildConfigurations = (
				DD5933DE29263D8E00C79D57 /* Debug */,
				DD5933DF29263D8E00C79D57 /* Release */,
			);
			defaultConfigurationIsVisible = 0;
			defaultConfigurationName = Release;
		};
/* End XCConfigurationList section */

/* Begin XCRemoteSwiftPackageReference section */
		DD59340829268E0C00C79D57 /* XCRemoteSwiftPackageReference "SwiftKeychainWrapper" */ = {
			isa = XCRemoteSwiftPackageReference;
			repositoryURL = "https://github.com/jrendel/SwiftKeychainWrapper";
			requirement = {
				kind = upToNextMajorVersion;
				minimumVersion = 4.0.0;
			};
		};
/* End XCRemoteSwiftPackageReference section */

/* Begin XCSwiftPackageProductDependency section */
		DD59340929268E0C00C79D57 /* SwiftKeychainWrapper */ = {
			isa = XCSwiftPackageProductDependency;
			package = DD59340829268E0C00C79D57 /* XCRemoteSwiftPackageReference "SwiftKeychainWrapper" */;
			productName = SwiftKeychainWrapper;
		};
/* End XCSwiftPackageProductDependency section */
	};
	rootObject = DD5933C729263D8B00C79D57 /* Project object */;
}
